PODS:
  - OrderedDictionary (1.4)
  - OSCache (1.2.1)
  - ZeroCalendar (1.0):
    - OrderedDictionary (~> 1.2)
    - OSCache (~> 1.2)

DEPENDENCIES:
  - ZeroCalendar (from `.`)

EXTERNAL SOURCES:
  ZeroCalendar:
    :path: .

SPEC CHECKSUMS:
  OrderedDictionary: 138c8d2e358d3a0c9adda15c6c7db24e8e3b09e6
  OSCache: 826996b68e8542a8a3d8af1ab0a0fc3070d8f357
  ZeroCalendar: 5098c282be737baec6044db83ce911f08bdb61d4

PODFILE CHECKSUM: cea398dcf25d9ab43db68e7c37f2547b9b18c146

COCOAPODS: 1.1.1
